
Microsoft Visual Studio Solution File, Format Version 12.00
# Visual Studio Version 16
VisualStudioVersion = 16.0.31025.194
MinimumVisualStudioVersion = 10.0.40219.1
Project("{FAE04EC0-301F-11D3-BF4B-00C04F79EFBC}") = "ZZAutosplitter", "ZZAutosplitter.csproj", "{B6956193-C35D-4EA0-93F7-31DE2703B32C}"
EndProject
Global
	GlobalSection(SolutionConfigurationPlatforms) = preSolution
		Debug|Any CPU = Debug|Any CPU
		Release|Any CPU = Release|Any CPU
	EndGlobalSection
	GlobalSection(ProjectConfigurationPlatforms) = postSolution
		{B6956193-C35D-4EA0-93F7-31DE2703B32C}.Debug|Any CPU.ActiveCfg = Debug|Any CPU
		{B6956193-C35D-4EA0-93F7-31DE2703B32C}.Debug|Any CPU.Build.0 = Debug|Any CPU
		{B6956193-C35D-4EA0-93F7-31DE2703B32C}.Release|Any CPU.ActiveCfg = Release|Any CPU
		{B6956193-C35D-4EA0-93F7-31DE2703B32C}.Release|Any CPU.Build.0 = Release|Any CPU
	EndGlobalSection
	GlobalSection(SolutionProperties) = preSolution
		HideSolutionNode = FALSE
	EndGlobalSection
	GlobalSection(ExtensibilityGlobals) = postSolution
		SolutionGuid = {68BC84D6-D317-4AD2-8909-72F9CC71D37E}
	EndGlobalSection
EndGlobal
