
Microsoft Visual Studio Solution File, Format Version 12.00
# Visual Studio Version 17
VisualStudioVersion = 17.13.35931.197 d17.13
MinimumVisualStudioVersion = 10.0.40219.1
Project("{8BC9CEB8-8B4A-11D0-8D11-00A0C91BC942}") = "detours", "detours.vcxproj", "{1BA8E980-E1DF-4317-A3F6-496E54712233}"
EndProject
Project("{8BC9CEB8-8B4A-11D0-8D11-00A0C91BC942}") = "Launcher", "Launcher.vcxproj", "{C3F187B7-7C8D-41B0-B3B4-1F71564E0CAE}"
	ProjectSection(ProjectDependencies) = postProject
		{1BA8E980-E1DF-4317-A3F6-496E54712233} = {1BA8E980-E1DF-4317-A3F6-496E54712233}
		{E5C09CE2-1821-4AEB-94CB-3DCB5F0B975C} = {E5C09CE2-1821-4AEB-94CB-3DCB5F0B975C}
	EndProjectSection
EndProject
Project("{8BC9CEB8-8B4A-11D0-8D11-00A0C91BC942}") = "Library", "Library.vcxproj", "{E5C09CE2-1821-4AEB-94CB-3DCB5F0B975C}"
	ProjectSection(ProjectDependencies) = postProject
		{1BA8E980-E1DF-4317-A3F6-496E54712233} = {1BA8E980-E1DF-4317-A3F6-496E54712233}
	EndProjectSection
EndProject
Global
	GlobalSection(SolutionConfigurationPlatforms) = preSolution
		Debug|x86 = Debug|x86
		Release|x86 = Release|x86
	EndGlobalSection
	GlobalSection(ProjectConfigurationPlatforms) = postSolution
		{1BA8E980-E1DF-4317-A3F6-496E54712233}.Debug|x86.ActiveCfg = Debug|Win32
		{1BA8E980-E1DF-4317-A3F6-496E54712233}.Debug|x86.Build.0 = Debug|Win32
		{1BA8E980-E1DF-4317-A3F6-496E54712233}.Release|x86.ActiveCfg = Release|Win32
		{1BA8E980-E1DF-4317-A3F6-496E54712233}.Release|x86.Build.0 = Release|Win32
		{C3F187B7-7C8D-41B0-B3B4-1F71564E0CAE}.Debug|x86.ActiveCfg = Debug|Win32
		{C3F187B7-7C8D-41B0-B3B4-1F71564E0CAE}.Debug|x86.Build.0 = Debug|Win32
		{C3F187B7-7C8D-41B0-B3B4-1F71564E0CAE}.Release|x86.ActiveCfg = Release|Win32
		{C3F187B7-7C8D-41B0-B3B4-1F71564E0CAE}.Release|x86.Build.0 = Release|Win32
		{E5C09CE2-1821-4AEB-94CB-3DCB5F0B975C}.Debug|x86.ActiveCfg = Debug|Win32
		{E5C09CE2-1821-4AEB-94CB-3DCB5F0B975C}.Debug|x86.Build.0 = Debug|Win32
		{E5C09CE2-1821-4AEB-94CB-3DCB5F0B975C}.Release|x86.ActiveCfg = Release|Win32
		{E5C09CE2-1821-4AEB-94CB-3DCB5F0B975C}.Release|x86.Build.0 = Release|Win32
	EndGlobalSection
	GlobalSection(SolutionProperties) = preSolution
		HideSolutionNode = FALSE
	EndGlobalSection
	GlobalSection(ExtensibilityGlobals) = postSolution
		SolutionGuid = {40525DDE-8BB7-4D12-B798-AA4CE43E14AF}
	EndGlobalSection
EndGlobal
